
Microsoft Visual Studio Solution File, Format Version 11.00
# Visual Studio 2010
Project("{8BC9CEB8-8B4A-11D0-8D11-00A0C91BC942}") = "VirtualDevice", "VirtualDevice\VirtualDevice.vcxproj", "{DAFA5887-D67D-495F-8FC5-01CD24A70CE5}"
EndProject
Project("{2150E333-8FDC-42A3-9474-1A3956D46DE8}") = "Samples", "Samples", "{3720F158-247F-4FBB-A131-2D81599E794E}"
EndProject
Project("{8BC9CEB8-8B4A-11D0-8D11-00A0C91BC942}") = "NiTESample", "Samples\NiTESample\NiTESample.vcxproj", "{F6125DDF-7B0D-48C0-A0EC-D09780C438FA}"
EndProject
Project("{8BC9CEB8-8B4A-11D0-8D11-00A0C91BC942}") = "DepthToWorldSample", "Samples\DepthToWorldSample\DepthToWorld.vcxproj", "{F9A3BCB8-4BFE-4DA7-A43C-8DAC09DFE03E}"
EndProject
Project("{8BC9CEB8-8B4A-11D0-8D11-00A0C91BC942}") = "ExistedDeviceSample", "Samples\ExistedDeviceSample\ExistedDevice.vcxproj", "{9C80FE73-5990-4043-9A2C-EDF99C7BAF48}"
EndProject
Project("{8BC9CEB8-8B4A-11D0-8D11-00A0C91BC942}") = "BasicSample", "Samples\BasicSample\BasicSample.vcxproj", "{A368BED9-CE9B-4B1C-BD07-3647094A4099}"
EndProject
Global
	GlobalSection(SolutionConfigurationPlatforms) = preSolution
		Debug|Win32 = Debug|Win32
		Debug|x64 = Debug|x64
		Release|Win32 = Release|Win32
		Release|x64 = Release|x64
	EndGlobalSection
	GlobalSection(ProjectConfigurationPlatforms) = postSolution
		{DAFA5887-D67D-495F-8FC5-01CD24A70CE5}.Debug|Win32.ActiveCfg = Debug|Win32
		{DAFA5887-D67D-495F-8FC5-01CD24A70CE5}.Debug|Win32.Build.0 = Debug|Win32
		{DAFA5887-D67D-495F-8FC5-01CD24A70CE5}.Debug|x64.ActiveCfg = Debug|x64
		{DAFA5887-D67D-495F-8FC5-01CD24A70CE5}.Debug|x64.Build.0 = Debug|x64
		{DAFA5887-D67D-495F-8FC5-01CD24A70CE5}.Release|Win32.ActiveCfg = Release|Win32
		{DAFA5887-D67D-495F-8FC5-01CD24A70CE5}.Release|Win32.Build.0 = Release|Win32
		{DAFA5887-D67D-495F-8FC5-01CD24A70CE5}.Release|x64.ActiveCfg = Release|x64
		{DAFA5887-D67D-495F-8FC5-01CD24A70CE5}.Release|x64.Build.0 = Release|x64
		{F6125DDF-7B0D-48C0-A0EC-D09780C438FA}.Debug|Win32.ActiveCfg = Debug|Win32
		{F6125DDF-7B0D-48C0-A0EC-D09780C438FA}.Debug|Win32.Build.0 = Debug|Win32
		{F6125DDF-7B0D-48C0-A0EC-D09780C438FA}.Debug|x64.ActiveCfg = Debug|x64
		{F6125DDF-7B0D-48C0-A0EC-D09780C438FA}.Debug|x64.Build.0 = Debug|x64
		{F6125DDF-7B0D-48C0-A0EC-D09780C438FA}.Release|Win32.ActiveCfg = Release|Win32
		{F6125DDF-7B0D-48C0-A0EC-D09780C438FA}.Release|Win32.Build.0 = Release|Win32
		{F6125DDF-7B0D-48C0-A0EC-D09780C438FA}.Release|x64.ActiveCfg = Release|x64
		{F6125DDF-7B0D-48C0-A0EC-D09780C438FA}.Release|x64.Build.0 = Release|x64
		{F9A3BCB8-4BFE-4DA7-A43C-8DAC09DFE03E}.Debug|Win32.ActiveCfg = Debug|Win32
		{F9A3BCB8-4BFE-4DA7-A43C-8DAC09DFE03E}.Debug|Win32.Build.0 = Debug|Win32
		{F9A3BCB8-4BFE-4DA7-A43C-8DAC09DFE03E}.Debug|x64.ActiveCfg = Debug|x64
		{F9A3BCB8-4BFE-4DA7-A43C-8DAC09DFE03E}.Debug|x64.Build.0 = Debug|x64
		{F9A3BCB8-4BFE-4DA7-A43C-8DAC09DFE03E}.Release|Win32.ActiveCfg = Release|Win32
		{F9A3BCB8-4BFE-4DA7-A43C-8DAC09DFE03E}.Release|Win32.Build.0 = Release|Win32
		{F9A3BCB8-4BFE-4DA7-A43C-8DAC09DFE03E}.Release|x64.ActiveCfg = Release|x64
		{F9A3BCB8-4BFE-4DA7-A43C-8DAC09DFE03E}.Release|x64.Build.0 = Release|x64
		{9C80FE73-5990-4043-9A2C-EDF99C7BAF48}.Debug|Win32.ActiveCfg = Debug|Win32
		{9C80FE73-5990-4043-9A2C-EDF99C7BAF48}.Debug|Win32.Build.0 = Debug|Win32
		{9C80FE73-5990-4043-9A2C-EDF99C7BAF48}.Debug|x64.ActiveCfg = Debug|x64
		{9C80FE73-5990-4043-9A2C-EDF99C7BAF48}.Debug|x64.Build.0 = Debug|x64
		{9C80FE73-5990-4043-9A2C-EDF99C7BAF48}.Release|Win32.ActiveCfg = Release|Win32
		{9C80FE73-5990-4043-9A2C-EDF99C7BAF48}.Release|Win32.Build.0 = Release|Win32
		{9C80FE73-5990-4043-9A2C-EDF99C7BAF48}.Release|x64.ActiveCfg = Release|x64
		{9C80FE73-5990-4043-9A2C-EDF99C7BAF48}.Release|x64.Build.0 = Release|x64
		{A368BED9-CE9B-4B1C-BD07-3647094A4099}.Debug|Win32.ActiveCfg = Debug|Win32
		{A368BED9-CE9B-4B1C-BD07-3647094A4099}.Debug|Win32.Build.0 = Debug|Win32
		{A368BED9-CE9B-4B1C-BD07-3647094A4099}.Debug|x64.ActiveCfg = Debug|x64
		{A368BED9-CE9B-4B1C-BD07-3647094A4099}.Debug|x64.Build.0 = Debug|x64
		{A368BED9-CE9B-4B1C-BD07-3647094A4099}.Release|Win32.ActiveCfg = Release|Win32
		{A368BED9-CE9B-4B1C-BD07-3647094A4099}.Release|Win32.Build.0 = Release|Win32
		{A368BED9-CE9B-4B1C-BD07-3647094A4099}.Release|x64.ActiveCfg = Release|x64
		{A368BED9-CE9B-4B1C-BD07-3647094A4099}.Release|x64.Build.0 = Release|x64
	EndGlobalSection
	GlobalSection(SolutionProperties) = preSolution
		HideSolutionNode = FALSE
	EndGlobalSection
	GlobalSection(NestedProjects) = preSolution
		{F6125DDF-7B0D-48C0-A0EC-D09780C438FA} = {3720F158-247F-4FBB-A131-2D81599E794E}
		{F9A3BCB8-4BFE-4DA7-A43C-8DAC09DFE03E} = {3720F158-247F-4FBB-A131-2D81599E794E}
		{9C80FE73-5990-4043-9A2C-EDF99C7BAF48} = {3720F158-247F-4FBB-A131-2D81599E794E}
		{A368BED9-CE9B-4B1C-BD07-3647094A4099} = {3720F158-247F-4FBB-A131-2D81599E794E}
	EndGlobalSection
EndGlobal
